
Microsoft Visual Studio Solution File, Format Version 12.00
# Visual Studio Version 16
VisualStudioVersion = 16.0.31005.135
MinimumVisualStudioVersion = 10.0.40219.1
Project("{9A19103F-16F7-4668-BE54-9A1E7A4F7556}") = "DbInit", "DbInit\DbInit.csproj", "{5F3B6050-F053-478B-BB50-AFEFF48F16A4}"
EndProject
Project("{9A19103F-16F7-4668-BE54-9A1E7A4F7556}") = "Data", "Data\Data.csproj", "{3729AC2D-0FD1-4B26-8452-693FA950679C}"
EndProject
Project("{9A19103F-16F7-4668-BE54-9A1E7A4F7556}") = "Domain", "Domain\Domain.csproj", "{57D4EC11-1550-4C6C-B4F3-FA31414063B7}"
EndProject
Project("{9A19103F-16F7-4668-BE54-9A1E7A4F7556}") = "Help", "Help\Help.csproj", "{6E678F47-F709-4027-986E-CE8A7465FB7F}"
EndProject
Project("{9A19103F-16F7-4668-BE54-9A1E7A4F7556}") = "Web", "Web\Web.csproj", "{A8903F11-F572-4A26-BE17-55D72876D22B}"
EndProject
Global
	GlobalSection(SolutionConfigurationPlatforms) = preSolution
		Debug|Any CPU = Debug|Any CPU
		Release|Any CPU = Release|Any CPU
	EndGlobalSection
	GlobalSection(ProjectConfigurationPlatforms) = postSolution
		{5F3B6050-F053-478B-BB50-AFEFF48F16A4}.Debug|Any CPU.ActiveCfg = Debug|Any CPU
		{5F3B6050-F053-478B-BB50-AFEFF48F16A4}.Debug|Any CPU.Build.0 = Debug|Any CPU
		{5F3B6050-F053-478B-BB50-AFEFF48F16A4}.Release|Any CPU.ActiveCfg = Release|Any CPU
		{5F3B6050-F053-478B-BB50-AFEFF48F16A4}.Release|Any CPU.Build.0 = Release|Any CPU
		{3729AC2D-0FD1-4B26-8452-693FA950679C}.Debug|Any CPU.ActiveCfg = Debug|Any CPU
		{3729AC2D-0FD1-4B26-8452-693FA950679C}.Debug|Any CPU.Build.0 = Debug|Any CPU
		{3729AC2D-0FD1-4B26-8452-693FA950679C}.Release|Any CPU.ActiveCfg = Release|Any CPU
		{3729AC2D-0FD1-4B26-8452-693FA950679C}.Release|Any CPU.Build.0 = Release|Any CPU
		{57D4EC11-1550-4C6C-B4F3-FA31414063B7}.Debug|Any CPU.ActiveCfg = Debug|Any CPU
		{57D4EC11-1550-4C6C-B4F3-FA31414063B7}.Debug|Any CPU.Build.0 = Debug|Any CPU
		{57D4EC11-1550-4C6C-B4F3-FA31414063B7}.Release|Any CPU.ActiveCfg = Release|Any CPU
		{57D4EC11-1550-4C6C-B4F3-FA31414063B7}.Release|Any CPU.Build.0 = Release|Any CPU
		{6E678F47-F709-4027-986E-CE8A7465FB7F}.Debug|Any CPU.ActiveCfg = Debug|Any CPU
		{6E678F47-F709-4027-986E-CE8A7465FB7F}.Debug|Any CPU.Build.0 = Debug|Any CPU
		{6E678F47-F709-4027-986E-CE8A7465FB7F}.Release|Any CPU.ActiveCfg = Release|Any CPU
		{6E678F47-F709-4027-986E-CE8A7465FB7F}.Release|Any CPU.Build.0 = Release|Any CPU
		{A8903F11-F572-4A26-BE17-55D72876D22B}.Debug|Any CPU.ActiveCfg = Debug|Any CPU
		{A8903F11-F572-4A26-BE17-55D72876D22B}.Debug|Any CPU.Build.0 = Debug|Any CPU
		{A8903F11-F572-4A26-BE17-55D72876D22B}.Release|Any CPU.ActiveCfg = Release|Any CPU
		{A8903F11-F572-4A26-BE17-55D72876D22B}.Release|Any CPU.Build.0 = Release|Any CPU
	EndGlobalSection
	GlobalSection(SolutionProperties) = preSolution
		HideSolutionNode = FALSE
	EndGlobalSection
	GlobalSection(ExtensibilityGlobals) = postSolution
		SolutionGuid = {F68D5DB9-7C08-4E70-92A0-9C66E7B4D874}
	EndGlobalSection
EndGlobal
